lockfileVersion: '9.0'

settings:
  autoInstallPeers: true
  excludeLinksFromLockfile: false

importers:

  .:
    dependencies:
      json2csv:
        specifier: 6.0.0-alpha.2
        version: 6.0.0-alpha.2

packages:

  '@streamparser/json@0.0.6':
    resolution: {integrity: sha512-vL9EVn/v+OhZ+Wcs6O4iKE9EUpwHUqHmCtNUMWjqp+6dr85+XPOSGTEsqYNq1Vn04uk9SWlOVmx9J48ggJVT2Q==}

  commander@6.2.1:
    resolution: {integrity: sha512-U7VdrJFnJgo4xjrHpTzu0yrHPGImdsmD95ZlgYSEajAn2JKzDhDTPG9kBTefmObL2w/ngeZnilk+OV9CG3d7UA==}
    engines: {node: '>= 6'}

  json2csv@6.0.0-alpha.2:
    resolution: {integrity: sha512-nJ3oP6QxN8z69IT1HmrJdfVxhU1kLTBVgMfRnNZc37YEY+jZ4nU27rBGxT4vaqM/KUCavLRhntmTuBFqZLBUcA==}
    engines: {node: '>= 12', npm: '>= 6.13.0'}
    hasBin: true

  lodash.get@4.4.2:
    resolution: {integrity: sha512-z+Uw/vLuy6gQe8cfaFWD7p0wVv8fJl3mbzXh33RS+0oW2wvUqiRXiQ69gLWSLpgB5/6sU+r6BlQR0MBILadqTQ==}
    deprecated: This package is deprecated. Use the optional chaining (?.) operator instead.

snapshots:

  '@streamparser/json@0.0.6': {}

  commander@6.2.1: {}

  json2csv@6.0.0-alpha.2:
    dependencies:
      '@streamparser/json': 0.0.6
      commander: 6.2.1
      lodash.get: 4.4.2

  lodash.get@4.4.2: {}
